
Microsoft Visual Studio Solution File, Format Version 12.00
# Visual Studio Version 17
VisualStudioVersion = 17.2.32630.192
MinimumVisualStudioVersion = 10.0.40219.1
Project("{9A19103F-16F7-4668-BE54-9A1E7A4F7556}") = "R5T.F0143.Construction", "R5T.F0143.Construction\R5T.F0143.Construction.csproj", "{7BB6CB55-5AD5-4510-A861-EE5E9A522DD2}"
EndProject
Project("{9A19103F-16F7-4668-BE54-9A1E7A4F7556}") = "R5T.F0143", "R5T.F0143\R5T.F0143.csproj", "{432E97AE-0A9E-4F7E-9E3A-F395343DF432}"
EndProject
Project("{9A19103F-16F7-4668-BE54-9A1E7A4F7556}") = "R5T.F0143.F001", "R5T.F0143.F001\R5T.F0143.F001.csproj", "{CCC8E0C2-8F92-464D-B5C8-D128B526776B}"
EndProject
Project("{2150E333-8FDC-42A3-9474-1A3956D46DE8}") = "_Dependencies", "_Dependencies", "{BAE3B3E2-CDAF-4EDD-8E2C-D213D9E7F3D5}"
EndProject
Project("{9A19103F-16F7-4668-BE54-9A1E7A4F7556}") = "R5T.F0000", "..\..\R5T.F0000\source\R5T.F0000\R5T.F0000.csproj", "{D769C4EC-FE78-4802-BB15-B96957757729}"
EndProject
Project("{9A19103F-16F7-4668-BE54-9A1E7A4F7556}") = "R5T.F0002", "..\..\R5T.F0002\source\R5T.F0002\R5T.F0002.csproj", "{EC9851B1-3344-427D-B1BE-EA93DAD91543}"
EndProject
Project("{9A19103F-16F7-4668-BE54-9A1E7A4F7556}") = "R5T.F0120", "..\..\R5T.F0120\source\R5T.F0120\R5T.F0120.csproj", "{6B300346-6194-4883-AD8A-5EBEEE86F3BF}"
EndProject
Project("{9A19103F-16F7-4668-BE54-9A1E7A4F7556}") = "R5T.F0124", "..\..\R5T.F0124\source\R5T.F0124\R5T.F0124.csproj", "{A3DAE52C-DD32-4BC4-A622-684A5853A97B}"
EndProject
Project("{9A19103F-16F7-4668-BE54-9A1E7A4F7556}") = "R5T.F0125", "..\..\R5T.F0125\source\R5T.F0125\R5T.F0125.csproj", "{19C83ED7-9FA1-476E-9CD0-F271BDF8C7BA}"
EndProject
Project("{9A19103F-16F7-4668-BE54-9A1E7A4F7556}") = "R5T.L0030.T000", "..\..\R5T.L0030\source\R5T.L0030.T000\R5T.L0030.T000.csproj", "{5838F874-1207-4C4E-B38F-239B91EF4C6C}"
EndProject
Project("{9A19103F-16F7-4668-BE54-9A1E7A4F7556}") = "R5T.L0030", "..\..\R5T.L0030\source\R5T.L0030\R5T.L0030.csproj", "{45821127-EF59-49FB-9858-257C6900369C}"
EndProject
Project("{9A19103F-16F7-4668-BE54-9A1E7A4F7556}") = "R5T.L0034", "..\..\R5T.L0034\source\R5T.L0034\R5T.L0034.csproj", "{E3FC4527-DA14-4961-9F0C-5EC8733487AA}"
EndProject
Project("{9A19103F-16F7-4668-BE54-9A1E7A4F7556}") = "R5T.L0035", "..\..\R5T.L0035\source\R5T.L0035\R5T.L0035.csproj", "{4D5BD802-F7A4-4175-BD84-7608A9347EA4}"
EndProject
Project("{9A19103F-16F7-4668-BE54-9A1E7A4F7556}") = "R5T.NG0022", "..\..\R5T.NG0022\source\R5T.NG0022\R5T.NG0022.csproj", "{39EEA44A-BD97-42A0-9F45-EECBE1321FFD}"
EndProject
Project("{9A19103F-16F7-4668-BE54-9A1E7A4F7556}") = "R5T.T0131", "..\..\R5T.T0131\source\R5T.T0131\R5T.T0131.csproj", "{FCF234F4-ADD9-4403-AAFA-7902EE2E7ED9}"
EndProject
Project("{9A19103F-16F7-4668-BE54-9A1E7A4F7556}") = "R5T.T0132", "..\..\R5T.T0132\source\R5T.T0132\R5T.T0132.csproj", "{E9BD90A5-9539-47D1-8DFA-AA2DEB606F28}"
EndProject
Project("{9A19103F-16F7-4668-BE54-9A1E7A4F7556}") = "R5T.T0142", "..\..\R5T.T0142\source\R5T.T0142\R5T.T0142.csproj", "{936FD63F-5CC8-4AE9-83C1-5247BA5669B9}"
EndProject
Project("{9A19103F-16F7-4668-BE54-9A1E7A4F7556}") = "R5T.T0143", "..\..\R5T.T0143\source\R5T.T0143\R5T.T0143.csproj", "{451005E2-DC2A-4ADD-8064-E8DD662CEE7B}"
EndProject
Project("{9A19103F-16F7-4668-BE54-9A1E7A4F7556}") = "R5T.T0156", "..\..\R5T.T0156\source\R5T.T0156\R5T.T0156.csproj", "{5813734F-F7B7-4C54-A912-F3559C32396C}"
EndProject
Project("{9A19103F-16F7-4668-BE54-9A1E7A4F7556}") = "R5T.T0174", "..\..\R5T.T0174\source\R5T.T0174\R5T.T0174.csproj", "{1CA382E1-506C-4362-BBB8-70D93DC25AA5}"
EndProject
Project("{9A19103F-16F7-4668-BE54-9A1E7A4F7556}") = "R5T.T0176", "..\..\R5T.T0176\source\R5T.T0176\R5T.T0176.csproj", "{AB14E989-45BC-4C11-A23B-7173E4D87159}"
EndProject
Project("{9A19103F-16F7-4668-BE54-9A1E7A4F7556}") = "R5T.T0177", "..\..\R5T.T0177\source\R5T.T0177\R5T.T0177.csproj", "{54DD54D1-A9D6-43BB-8328-B104A32E79DB}"
EndProject
Project("{9A19103F-16F7-4668-BE54-9A1E7A4F7556}") = "R5T.T0178", "..\..\R5T.T0178\source\R5T.T0178\R5T.T0178.csproj", "{915CF852-9F70-4F57-9608-4DB9F0535E7C}"
EndProject
Project("{9A19103F-16F7-4668-BE54-9A1E7A4F7556}") = "R5T.T0179", "..\..\R5T.T0179\source\R5T.T0179\R5T.T0179.csproj", "{789BFD88-AF05-4229-B7F4-EB19AFC96739}"
EndProject
Project("{9A19103F-16F7-4668-BE54-9A1E7A4F7556}") = "R5T.T0180", "..\..\R5T.T0180\source\R5T.T0180\R5T.T0180.csproj", "{5176C0B1-C5A1-4711-BDD8-22784546769B}"
EndProject
Project("{9A19103F-16F7-4668-BE54-9A1E7A4F7556}") = "R5T.T0181", "..\..\R5T.T0181\source\R5T.T0181\R5T.T0181.csproj", "{E9F68CD2-BC16-4DDE-B8FC-B742B0C2C4A7}"
EndProject
Project("{9A19103F-16F7-4668-BE54-9A1E7A4F7556}") = "R5T.T0185", "..\..\R5T.T0185\source\R5T.T0185\R5T.T0185.csproj", "{7BDCC437-9146-4037-BB18-EC486DB5B48C}"
EndProject
Project("{9A19103F-16F7-4668-BE54-9A1E7A4F7556}") = "R5T.T0199", "..\..\R5T.T0199\source\R5T.T0199\R5T.T0199.csproj", "{D0C96A86-B29E-4A2B-833C-B0F377CE98F2}"
EndProject
Project("{9A19103F-16F7-4668-BE54-9A1E7A4F7556}") = "R5T.T0203", "..\..\R5T.T0203\source\R5T.T0203\R5T.T0203.csproj", "{1BF6936E-7E89-4C04-8DBE-7A2781FE414B}"
EndProject
Project("{9A19103F-16F7-4668-BE54-9A1E7A4F7556}") = "R5T.T0220", "..\..\R5T.T0220\source\R5T.T0220\R5T.T0220.csproj", "{9ADA40D4-59B3-47D6-B996-E342121DD273}"
EndProject
Project("{9A19103F-16F7-4668-BE54-9A1E7A4F7556}") = "R5T.T0221", "..\..\R5T.T0221\source\R5T.T0221\R5T.T0221.csproj", "{38D28953-7131-4B46-B59E-BDEFCE681067}"
EndProject
Project("{9A19103F-16F7-4668-BE54-9A1E7A4F7556}") = "R5T.Y0000", "..\..\R5T.Y0000\source\R5T.Y0000\R5T.Y0000.csproj", "{9129E2B9-71B2-4A53-A02E-E87816CECC4E}"
EndProject
Project("{9A19103F-16F7-4668-BE54-9A1E7A4F7556}") = "R5T.Z0000", "..\..\R5T.Z0000\source\R5T.Z0000\R5T.Z0000.csproj", "{1840BF68-B11F-4B69-AA23-7AF55F5FB1A9}"
EndProject
Project("{9A19103F-16F7-4668-BE54-9A1E7A4F7556}") = "R5T.T0184", "..\..\R5T.T0184\source\R5T.T0184\R5T.T0184.csproj", "{BCADB941-E28E-43C1-88A8-9BED0BEA9CA9}"
EndProject
Project("{9A19103F-16F7-4668-BE54-9A1E7A4F7556}") = "R5T.T0222", "..\..\R5T.T0222\source\R5T.T0222\R5T.T0222.csproj", "{B39CFE25-7045-494A-8731-51E981114922}"
EndProject
Project("{9A19103F-16F7-4668-BE54-9A1E7A4F7556}") = "R5T.T0186", "..\..\R5T.T0186\source\R5T.T0186\R5T.T0186.csproj", "{B1941881-969F-439F-962D-3998CD2E036F}"
EndProject
Project("{9A19103F-16F7-4668-BE54-9A1E7A4F7556}") = "R5T.Z0043", "..\..\R5T.Z0043\source\R5T.Z0043\R5T.Z0043.csproj", "{CA756A1A-C297-4E4C-BB50-178E102A23DB}"
EndProject
Project("{9A19103F-16F7-4668-BE54-9A1E7A4F7556}") = "R5T.Z0059", "..\..\R5T.Z0059\source\R5T.Z0059\R5T.Z0059.csproj", "{0E75A9D2-04EC-4C0D-88AF-0A2B82BFAABF}"
EndProject
Global
	GlobalSection(NestedProjects) = preSolution
		{D769C4EC-FE78-4802-BB15-B96957757729} = {BAE3B3E2-CDAF-4EDD-8E2C-D213D9E7F3D5}
		{EC9851B1-3344-427D-B1BE-EA93DAD91543} = {BAE3B3E2-CDAF-4EDD-8E2C-D213D9E7F3D5}
		{6B300346-6194-4883-AD8A-5EBEEE86F3BF} = {BAE3B3E2-CDAF-4EDD-8E2C-D213D9E7F3D5}
		{A3DAE52C-DD32-4BC4-A622-684A5853A97B} = {BAE3B3E2-CDAF-4EDD-8E2C-D213D9E7F3D5}
		{19C83ED7-9FA1-476E-9CD0-F271BDF8C7BA} = {BAE3B3E2-CDAF-4EDD-8E2C-D213D9E7F3D5}
		{5838F874-1207-4C4E-B38F-239B91EF4C6C} = {BAE3B3E2-CDAF-4EDD-8E2C-D213D9E7F3D5}
		{45821127-EF59-49FB-9858-257C6900369C} = {BAE3B3E2-CDAF-4EDD-8E2C-D213D9E7F3D5}
		{E3FC4527-DA14-4961-9F0C-5EC8733487AA} = {BAE3B3E2-CDAF-4EDD-8E2C-D213D9E7F3D5}
		{4D5BD802-F7A4-4175-BD84-7608A9347EA4} = {BAE3B3E2-CDAF-4EDD-8E2C-D213D9E7F3D5}
		{39EEA44A-BD97-42A0-9F45-EECBE1321FFD} = {BAE3B3E2-CDAF-4EDD-8E2C-D213D9E7F3D5}
		{FCF234F4-ADD9-4403-AAFA-7902EE2E7ED9} = {BAE3B3E2-CDAF-4EDD-8E2C-D213D9E7F3D5}
		{E9BD90A5-9539-47D1-8DFA-AA2DEB606F28} = {BAE3B3E2-CDAF-4EDD-8E2C-D213D9E7F3D5}
		{936FD63F-5CC8-4AE9-83C1-5247BA5669B9} = {BAE3B3E2-CDAF-4EDD-8E2C-D213D9E7F3D5}
		{451005E2-DC2A-4ADD-8064-E8DD662CEE7B} = {BAE3B3E2-CDAF-4EDD-8E2C-D213D9E7F3D5}
		{5813734F-F7B7-4C54-A912-F3559C32396C} = {BAE3B3E2-CDAF-4EDD-8E2C-D213D9E7F3D5}
		{1CA382E1-506C-4362-BBB8-70D93DC25AA5} = {BAE3B3E2-CDAF-4EDD-8E2C-D213D9E7F3D5}
		{AB14E989-45BC-4C11-A23B-7173E4D87159} = {BAE3B3E2-CDAF-4EDD-8E2C-D213D9E7F3D5}
		{54DD54D1-A9D6-43BB-8328-B104A32E79DB} = {BAE3B3E2-CDAF-4EDD-8E2C-D213D9E7F3D5}
		{915CF852-9F70-4F57-9608-4DB9F0535E7C} = {BAE3B3E2-CDAF-4EDD-8E2C-D213D9E7F3D5}
		{789BFD88-AF05-4229-B7F4-EB19AFC96739} = {BAE3B3E2-CDAF-4EDD-8E2C-D213D9E7F3D5}
		{5176C0B1-C5A1-4711-BDD8-22784546769B} = {BAE3B3E2-CDAF-4EDD-8E2C-D213D9E7F3D5}
		{E9F68CD2-BC16-4DDE-B8FC-B742B0C2C4A7} = {BAE3B3E2-CDAF-4EDD-8E2C-D213D9E7F3D5}
		{7BDCC437-9146-4037-BB18-EC486DB5B48C} = {BAE3B3E2-CDAF-4EDD-8E2C-D213D9E7F3D5}
		{D0C96A86-B29E-4A2B-833C-B0F377CE98F2} = {BAE3B3E2-CDAF-4EDD-8E2C-D213D9E7F3D5}
		{1BF6936E-7E89-4C04-8DBE-7A2781FE414B} = {BAE3B3E2-CDAF-4EDD-8E2C-D213D9E7F3D5}
		{9ADA40D4-59B3-47D6-B996-E342121DD273} = {BAE3B3E2-CDAF-4EDD-8E2C-D213D9E7F3D5}
		{38D28953-7131-4B46-B59E-BDEFCE681067} = {BAE3B3E2-CDAF-4EDD-8E2C-D213D9E7F3D5}
		{9129E2B9-71B2-4A53-A02E-E87816CECC4E} = {BAE3B3E2-CDAF-4EDD-8E2C-D213D9E7F3D5}
		{1840BF68-B11F-4B69-AA23-7AF55F5FB1A9} = {BAE3B3E2-CDAF-4EDD-8E2C-D213D9E7F3D5}
		{BCADB941-E28E-43C1-88A8-9BED0BEA9CA9} = {BAE3B3E2-CDAF-4EDD-8E2C-D213D9E7F3D5}
		{B39CFE25-7045-494A-8731-51E981114922} = {BAE3B3E2-CDAF-4EDD-8E2C-D213D9E7F3D5}
		{B1941881-969F-439F-962D-3998CD2E036F} = {BAE3B3E2-CDAF-4EDD-8E2C-D213D9E7F3D5}
		{CA756A1A-C297-4E4C-BB50-178E102A23DB} = {BAE3B3E2-CDAF-4EDD-8E2C-D213D9E7F3D5}
		{0E75A9D2-04EC-4C0D-88AF-0A2B82BFAABF} = {BAE3B3E2-CDAF-4EDD-8E2C-D213D9E7F3D5}
	EndGlobalSection
	GlobalSection(SolutionConfigurationPlatforms) = preSolution
		Debug|Any CPU = Debug|Any CPU
		Release|Any CPU = Release|Any CPU
	EndGlobalSection
	GlobalSection(ProjectConfigurationPlatforms) = postSolution
		{7BB6CB55-5AD5-4510-A861-EE5E9A522DD2}.Debug|Any CPU.ActiveCfg = Debug|Any CPU
		{7BB6CB55-5AD5-4510-A861-EE5E9A522DD2}.Debug|Any CPU.Build.0 = Debug|Any CPU
		{7BB6CB55-5AD5-4510-A861-EE5E9A522DD2}.Release|Any CPU.ActiveCfg = Release|Any CPU
		{7BB6CB55-5AD5-4510-A861-EE5E9A522DD2}.Release|Any CPU.Build.0 = Release|Any CPU
		{432E97AE-0A9E-4F7E-9E3A-F395343DF432}.Debug|Any CPU.ActiveCfg = Debug|Any CPU
		{432E97AE-0A9E-4F7E-9E3A-F395343DF432}.Debug|Any CPU.Build.0 = Debug|Any CPU
		{432E97AE-0A9E-4F7E-9E3A-F395343DF432}.Release|Any CPU.ActiveCfg = Release|Any CPU
		{432E97AE-0A9E-4F7E-9E3A-F395343DF432}.Release|Any CPU.Build.0 = Release|Any CPU
		{CCC8E0C2-8F92-464D-B5C8-D128B526776B}.Debug|Any CPU.ActiveCfg = Debug|Any CPU
		{CCC8E0C2-8F92-464D-B5C8-D128B526776B}.Debug|Any CPU.Build.0 = Debug|Any CPU
		{CCC8E0C2-8F92-464D-B5C8-D128B526776B}.Release|Any CPU.ActiveCfg = Release|Any CPU
		{CCC8E0C2-8F92-464D-B5C8-D128B526776B}.Release|Any CPU.Build.0 = Release|Any CPU
		{D769C4EC-FE78-4802-BB15-B96957757729}.Debug|Any CPU.ActiveCfg = Debug|Any CPU
		{D769C4EC-FE78-4802-BB15-B96957757729}.Debug|Any CPU.Build.0 = Debug|Any CPU
		{D769C4EC-FE78-4802-BB15-B96957757729}.Release|Any CPU.ActiveCfg = Release|Any CPU
		{D769C4EC-FE78-4802-BB15-B96957757729}.Release|Any CPU.Build.0 = Release|Any CPU
		{EC9851B1-3344-427D-B1BE-EA93DAD91543}.Debug|Any CPU.ActiveCfg = Debug|Any CPU
		{EC9851B1-3344-427D-B1BE-EA93DAD91543}.Debug|Any CPU.Build.0 = Debug|Any CPU
		{EC9851B1-3344-427D-B1BE-EA93DAD91543}.Release|Any CPU.ActiveCfg = Release|Any CPU
		{EC9851B1-3344-427D-B1BE-EA93DAD91543}.Release|Any CPU.Build.0 = Release|Any CPU
		{6B300346-6194-4883-AD8A-5EBEEE86F3BF}.Debug|Any CPU.ActiveCfg = Debug|Any CPU
		{6B300346-6194-4883-AD8A-5EBEEE86F3BF}.Debug|Any CPU.Build.0 = Debug|Any CPU
		{6B300346-6194-4883-AD8A-5EBEEE86F3BF}.Release|Any CPU.ActiveCfg = Release|Any CPU
		{6B300346-6194-4883-AD8A-5EBEEE86F3BF}.Release|Any CPU.Build.0 = Release|Any CPU
		{A3DAE52C-DD32-4BC4-A622-684A5853A97B}.Debug|Any CPU.ActiveCfg = Debug|Any CPU
		{A3DAE52C-DD32-4BC4-A622-684A5853A97B}.Debug|Any CPU.Build.0 = Debug|Any CPU
		{A3DAE52C-DD32-4BC4-A622-684A5853A97B}.Release|Any CPU.ActiveCfg = Release|Any CPU
		{A3DAE52C-DD32-4BC4-A622-684A5853A97B}.Release|Any CPU.Build.0 = Release|Any CPU
		{19C83ED7-9FA1-476E-9CD0-F271BDF8C7BA}.Debug|Any CPU.ActiveCfg = Debug|Any CPU
		{19C83ED7-9FA1-476E-9CD0-F271BDF8C7BA}.Debug|Any CPU.Build.0 = Debug|Any CPU
		{19C83ED7-9FA1-476E-9CD0-F271BDF8C7BA}.Release|Any CPU.ActiveCfg = Release|Any CPU
		{19C83ED7-9FA1-476E-9CD0-F271BDF8C7BA}.Release|Any CPU.Build.0 = Release|Any CPU
		{5838F874-1207-4C4E-B38F-239B91EF4C6C}.Debug|Any CPU.ActiveCfg = Debug|Any CPU
		{5838F874-1207-4C4E-B38F-239B91EF4C6C}.Debug|Any CPU.Build.0 = Debug|Any CPU
		{5838F874-1207-4C4E-B38F-239B91EF4C6C}.Release|Any CPU.ActiveCfg = Release|Any CPU
		{5838F874-1207-4C4E-B38F-239B91EF4C6C}.Release|Any CPU.Build.0 = Release|Any CPU
		{45821127-EF59-49FB-9858-257C6900369C}.Debug|Any CPU.ActiveCfg = Debug|Any CPU
		{45821127-EF59-49FB-9858-257C6900369C}.Debug|Any CPU.Build.0 = Debug|Any CPU
		{45821127-EF59-49FB-9858-257C6900369C}.Release|Any CPU.ActiveCfg = Release|Any CPU
		{45821127-EF59-49FB-9858-257C6900369C}.Release|Any CPU.Build.0 = Release|Any CPU
		{E3FC4527-DA14-4961-9F0C-5EC8733487AA}.Debug|Any CPU.ActiveCfg = Debug|Any CPU
		{E3FC4527-DA14-4961-9F0C-5EC8733487AA}.Debug|Any CPU.Build.0 = Debug|Any CPU
		{E3FC4527-DA14-4961-9F0C-5EC8733487AA}.Release|Any CPU.ActiveCfg = Release|Any CPU
		{E3FC4527-DA14-4961-9F0C-5EC8733487AA}.Release|Any CPU.Build.0 = Release|Any CPU
		{4D5BD802-F7A4-4175-BD84-7608A9347EA4}.Debug|Any CPU.ActiveCfg = Debug|Any CPU
		{4D5BD802-F7A4-4175-BD84-7608A9347EA4}.Debug|Any CPU.Build.0 = Debug|Any CPU
		{4D5BD802-F7A4-4175-BD84-7608A9347EA4}.Release|Any CPU.ActiveCfg = Release|Any CPU
		{4D5BD802-F7A4-4175-BD84-7608A9347EA4}.Release|Any CPU.Build.0 = Release|Any CPU
		{39EEA44A-BD97-42A0-9F45-EECBE1321FFD}.Debug|Any CPU.ActiveCfg = Debug|Any CPU
		{39EEA44A-BD97-42A0-9F45-EECBE1321FFD}.Debug|Any CPU.Build.0 = Debug|Any CPU
		{39EEA44A-BD97-42A0-9F45-EECBE1321FFD}.Release|Any CPU.ActiveCfg = Release|Any CPU
		{39EEA44A-BD97-42A0-9F45-EECBE1321FFD}.Release|Any CPU.Build.0 = Release|Any CPU
		{FCF234F4-ADD9-4403-AAFA-7902EE2E7ED9}.Debug|Any CPU.ActiveCfg = Debug|Any CPU
		{FCF234F4-ADD9-4403-AAFA-7902EE2E7ED9}.Debug|Any CPU.Build.0 = Debug|Any CPU
		{FCF234F4-ADD9-4403-AAFA-7902EE2E7ED9}.Release|Any CPU.ActiveCfg = Release|Any CPU
		{FCF234F4-ADD9-4403-AAFA-7902EE2E7ED9}.Release|Any CPU.Build.0 = Release|Any CPU
		{E9BD90A5-9539-47D1-8DFA-AA2DEB606F28}.Debug|Any CPU.ActiveCfg = Debug|Any CPU
		{E9BD90A5-9539-47D1-8DFA-AA2DEB606F28}.Debug|Any CPU.Build.0 = Debug|Any CPU
		{E9BD90A5-9539-47D1-8DFA-AA2DEB606F28}.Release|Any CPU.ActiveCfg = Release|Any CPU
		{E9BD90A5-9539-47D1-8DFA-AA2DEB606F28}.Release|Any CPU.Build.0 = Release|Any CPU
		{936FD63F-5CC8-4AE9-83C1-5247BA5669B9}.Debug|Any CPU.ActiveCfg = Debug|Any CPU
		{936FD63F-5CC8-4AE9-83C1-5247BA5669B9}.Debug|Any CPU.Build.0 = Debug|Any CPU
		{936FD63F-5CC8-4AE9-83C1-5247BA5669B9}.Release|Any CPU.ActiveCfg = Release|Any CPU
		{936FD63F-5CC8-4AE9-83C1-5247BA5669B9}.Release|Any CPU.Build.0 = Release|Any CPU
		{451005E2-DC2A-4ADD-8064-E8DD662CEE7B}.Debug|Any CPU.ActiveCfg = Debug|Any CPU
		{451005E2-DC2A-4ADD-8064-E8DD662CEE7B}.Debug|Any CPU.Build.0 = Debug|Any CPU
		{451005E2-DC2A-4ADD-8064-E8DD662CEE7B}.Release|Any CPU.ActiveCfg = Release|Any CPU
		{451005E2-DC2A-4ADD-8064-E8DD662CEE7B}.Release|Any CPU.Build.0 = Release|Any CPU
		{5813734F-F7B7-4C54-A912-F3559C32396C}.Debug|Any CPU.ActiveCfg = Debug|Any CPU
		{5813734F-F7B7-4C54-A912-F3559C32396C}.Debug|Any CPU.Build.0 = Debug|Any CPU
		{5813734F-F7B7-4C54-A912-F3559C32396C}.Release|Any CPU.ActiveCfg = Release|Any CPU
		{5813734F-F7B7-4C54-A912-F3559C32396C}.Release|Any CPU.Build.0 = Release|Any CPU
		{1CA382E1-506C-4362-BBB8-70D93DC25AA5}.Debug|Any CPU.ActiveCfg = Debug|Any CPU
		{1CA382E1-506C-4362-BBB8-70D93DC25AA5}.Debug|Any CPU.Build.0 = Debug|Any CPU
		{1CA382E1-506C-4362-BBB8-70D93DC25AA5}.Release|Any CPU.ActiveCfg = Release|Any CPU
		{1CA382E1-506C-4362-BBB8-70D93DC25AA5}.Release|Any CPU.Build.0 = Release|Any CPU
		{AB14E989-45BC-4C11-A23B-7173E4D87159}.Debug|Any CPU.ActiveCfg = Debug|Any CPU
		{AB14E989-45BC-4C11-A23B-7173E4D87159}.Debug|Any CPU.Build.0 = Debug|Any CPU
		{AB14E989-45BC-4C11-A23B-7173E4D87159}.Release|Any CPU.ActiveCfg = Release|Any CPU
		{AB14E989-45BC-4C11-A23B-7173E4D87159}.Release|Any CPU.Build.0 = Release|Any CPU
		{54DD54D1-A9D6-43BB-8328-B104A32E79DB}.Debug|Any CPU.ActiveCfg = Debug|Any CPU
		{54DD54D1-A9D6-43BB-8328-B104A32E79DB}.Debug|Any CPU.Build.0 = Debug|Any CPU
		{54DD54D1-A9D6-43BB-8328-B104A32E79DB}.Release|Any CPU.ActiveCfg = Release|Any CPU
		{54DD54D1-A9D6-43BB-8328-B104A32E79DB}.Release|Any CPU.Build.0 = Release|Any CPU
		{915CF852-9F70-4F57-9608-4DB9F0535E7C}.Debug|Any CPU.ActiveCfg = Debug|Any CPU
		{915CF852-9F70-4F57-9608-4DB9F0535E7C}.Debug|Any CPU.Build.0 = Debug|Any CPU
		{915CF852-9F70-4F57-9608-4DB9F0535E7C}.Release|Any CPU.ActiveCfg = Release|Any CPU
		{915CF852-9F70-4F57-9608-4DB9F0535E7C}.Release|Any CPU.Build.0 = Release|Any CPU
		{789BFD88-AF05-4229-B7F4-EB19AFC96739}.Debug|Any CPU.ActiveCfg = Debug|Any CPU
		{789BFD88-AF05-4229-B7F4-EB19AFC96739}.Debug|Any CPU.Build.0 = Debug|Any CPU
		{789BFD88-AF05-4229-B7F4-EB19AFC96739}.Release|Any CPU.ActiveCfg = Release|Any CPU
		{789BFD88-AF05-4229-B7F4-EB19AFC96739}.Release|Any CPU.Build.0 = Release|Any CPU
		{5176C0B1-C5A1-4711-BDD8-22784546769B}.Debug|Any CPU.ActiveCfg = Debug|Any CPU
		{5176C0B1-C5A1-4711-BDD8-22784546769B}.Debug|Any CPU.Build.0 = Debug|Any CPU
		{5176C0B1-C5A1-4711-BDD8-22784546769B}.Release|Any CPU.ActiveCfg = Release|Any CPU
		{5176C0B1-C5A1-4711-BDD8-22784546769B}.Release|Any CPU.Build.0 = Release|Any CPU
		{E9F68CD2-BC16-4DDE-B8FC-B742B0C2C4A7}.Debug|Any CPU.ActiveCfg = Debug|Any CPU
		{E9F68CD2-BC16-4DDE-B8FC-B742B0C2C4A7}.Debug|Any CPU.Build.0 = Debug|Any CPU
		{E9F68CD2-BC16-4DDE-B8FC-B742B0C2C4A7}.Release|Any CPU.ActiveCfg = Release|Any CPU
		{E9F68CD2-BC16-4DDE-B8FC-B742B0C2C4A7}.Release|Any CPU.Build.0 = Release|Any CPU
		{7BDCC437-9146-4037-BB18-EC486DB5B48C}.Debug|Any CPU.ActiveCfg = Debug|Any CPU
		{7BDCC437-9146-4037-BB18-EC486DB5B48C}.Debug|Any CPU.Build.0 = Debug|Any CPU
		{7BDCC437-9146-4037-BB18-EC486DB5B48C}.Release|Any CPU.ActiveCfg = Release|Any CPU
		{7BDCC437-9146-4037-BB18-EC486DB5B48C}.Release|Any CPU.Build.0 = Release|Any CPU
		{D0C96A86-B29E-4A2B-833C-B0F377CE98F2}.Debug|Any CPU.ActiveCfg = Debug|Any CPU
		{D0C96A86-B29E-4A2B-833C-B0F377CE98F2}.Debug|Any CPU.Build.0 = Debug|Any CPU
		{D0C96A86-B29E-4A2B-833C-B0F377CE98F2}.Release|Any CPU.ActiveCfg = Release|Any CPU
		{D0C96A86-B29E-4A2B-833C-B0F377CE98F2}.Release|Any CPU.Build.0 = Release|Any CPU
		{1BF6936E-7E89-4C04-8DBE-7A2781FE414B}.Debug|Any CPU.ActiveCfg = Debug|Any CPU
		{1BF6936E-7E89-4C04-8DBE-7A2781FE414B}.Debug|Any CPU.Build.0 = Debug|Any CPU
		{1BF6936E-7E89-4C04-8DBE-7A2781FE414B}.Release|Any CPU.ActiveCfg = Release|Any CPU
		{1BF6936E-7E89-4C04-8DBE-7A2781FE414B}.Release|Any CPU.Build.0 = Release|Any CPU
		{9ADA40D4-59B3-47D6-B996-E342121DD273}.Debug|Any CPU.ActiveCfg = Debug|Any CPU
		{9ADA40D4-59B3-47D6-B996-E342121DD273}.Debug|Any CPU.Build.0 = Debug|Any CPU
		{9ADA40D4-59B3-47D6-B996-E342121DD273}.Release|Any CPU.ActiveCfg = Release|Any CPU
		{9ADA40D4-59B3-47D6-B996-E342121DD273}.Release|Any CPU.Build.0 = Release|Any CPU
		{38D28953-7131-4B46-B59E-BDEFCE681067}.Debug|Any CPU.ActiveCfg = Debug|Any CPU
		{38D28953-7131-4B46-B59E-BDEFCE681067}.Debug|Any CPU.Build.0 = Debug|Any CPU
		{38D28953-7131-4B46-B59E-BDEFCE681067}.Release|Any CPU.ActiveCfg = Release|Any CPU
		{38D28953-7131-4B46-B59E-BDEFCE681067}.Release|Any CPU.Build.0 = Release|Any CPU
		{9129E2B9-71B2-4A53-A02E-E87816CECC4E}.Debug|Any CPU.ActiveCfg = Debug|Any CPU
		{9129E2B9-71B2-4A53-A02E-E87816CECC4E}.Debug|Any CPU.Build.0 = Debug|Any CPU
		{9129E2B9-71B2-4A53-A02E-E87816CECC4E}.Release|Any CPU.ActiveCfg = Release|Any CPU
		{9129E2B9-71B2-4A53-A02E-E87816CECC4E}.Release|Any CPU.Build.0 = Release|Any CPU
		{1840BF68-B11F-4B69-AA23-7AF55F5FB1A9}.Debug|Any CPU.ActiveCfg = Debug|Any CPU
		{1840BF68-B11F-4B69-AA23-7AF55F5FB1A9}.Debug|Any CPU.Build.0 = Debug|Any CPU
		{1840BF68-B11F-4B69-AA23-7AF55F5FB1A9}.Release|Any CPU.ActiveCfg = Release|Any CPU
		{1840BF68-B11F-4B69-AA23-7AF55F5FB1A9}.Release|Any CPU.Build.0 = Release|Any CPU
		{BCADB941-E28E-43C1-88A8-9BED0BEA9CA9}.Debug|Any CPU.ActiveCfg = Debug|Any CPU
		{BCADB941-E28E-43C1-88A8-9BED0BEA9CA9}.Debug|Any CPU.Build.0 = Debug|Any CPU
		{BCADB941-E28E-43C1-88A8-9BED0BEA9CA9}.Release|Any CPU.ActiveCfg = Release|Any CPU
		{BCADB941-E28E-43C1-88A8-9BED0BEA9CA9}.Release|Any CPU.Build.0 = Release|Any CPU
		{B39CFE25-7045-494A-8731-51E981114922}.Debug|Any CPU.ActiveCfg = Debug|Any CPU
		{B39CFE25-7045-494A-8731-51E981114922}.Debug|Any CPU.Build.0 = Debug|Any CPU
		{B39CFE25-7045-494A-8731-51E981114922}.Release|Any CPU.ActiveCfg = Release|Any CPU
		{B39CFE25-7045-494A-8731-51E981114922}.Release|Any CPU.Build.0 = Release|Any CPU
		{B1941881-969F-439F-962D-3998CD2E036F}.Debug|Any CPU.ActiveCfg = Debug|Any CPU
		{B1941881-969F-439F-962D-3998CD2E036F}.Debug|Any CPU.Build.0 = Debug|Any CPU
		{B1941881-969F-439F-962D-3998CD2E036F}.Release|Any CPU.ActiveCfg = Release|Any CPU
		{B1941881-969F-439F-962D-3998CD2E036F}.Release|Any CPU.Build.0 = Release|Any CPU
		{CA756A1A-C297-4E4C-BB50-178E102A23DB}.Debug|Any CPU.ActiveCfg = Debug|Any CPU
		{CA756A1A-C297-4E4C-BB50-178E102A23DB}.Debug|Any CPU.Build.0 = Debug|Any CPU
		{CA756A1A-C297-4E4C-BB50-178E102A23DB}.Release|Any CPU.ActiveCfg = Release|Any CPU
		{CA756A1A-C297-4E4C-BB50-178E102A23DB}.Release|Any CPU.Build.0 = Release|Any CPU
		{0E75A9D2-04EC-4C0D-88AF-0A2B82BFAABF}.Debug|Any CPU.ActiveCfg = Debug|Any CPU
		{0E75A9D2-04EC-4C0D-88AF-0A2B82BFAABF}.Debug|Any CPU.Build.0 = Debug|Any CPU
		{0E75A9D2-04EC-4C0D-88AF-0A2B82BFAABF}.Release|Any CPU.ActiveCfg = Release|Any CPU
		{0E75A9D2-04EC-4C0D-88AF-0A2B82BFAABF}.Release|Any CPU.Build.0 = Release|Any CPU
	EndGlobalSection
	GlobalSection(SolutionProperties) = preSolution
		HideSolutionNode = FALSE
	EndGlobalSection
	GlobalSection(ExtensibilityGlobals) = postSolution
		SolutionGuid = {41CDF5BF-B3E6-4797-9C60-1CD5CCD59B4E}
	EndGlobalSection
EndGlobal
